// !$*UTF8*$!
{
	archiveVersion = 1;
	classes = {
	};
	objectVersion = 48;
	objects = {

/* Begin PBXBuildFile section */
		173860641FB0BAF90051C726 /* AppDelegate.swift in Sources */ = {isa = PBXBuildFile; fileRef = 173860631FB0BAF90051C726 /* AppDelegate.swift */; };
		173860661FB0BAF90051C726 /* ViewController.swift in Sources */ = {isa = PBXBuildFile; fileRef = 173860651FB0BAF90051C726 /* ViewController.swift */; };
		173860691FB0BAF90051C726 /* Main.storyboard in Resources */ = {isa = PBXBuildFile; fileRef = 173860671FB0BAF90051C726 /* Main.storyboard */; };
		1738606B1FB0BAF90051C726 /* Assets.xcassets in Resources */ = {isa = PBXBuildFile; fileRef = 1738606A1FB0BAF90051C726 /* Assets.xcassets */; };
		1738606E1FB0BAF90051C726 /* LaunchScreen.storyboard in Resources */ = {isa = PBXBuildFile; fileRef = 1738606C1FB0BAF90051C726 /* LaunchScreen.storyboard */; };
/* End PBXBuildFile section */

/* Begin PBXFileReference section */
		173860601FB0BAF90051C726 /* MSVXcodeBuildNumberToCountGitCommits-Swift.app */ = {isa = PBXFileReference; explicitFileType = wrapper.application; includeInIndex = 0; path = "MSVXcodeBuildNumberToCountGitCommits-Swift.app"; sourceTree = BUILT_PRODUCTS_DIR; };
		173860631FB0BAF90051C726 /* AppDelegate.swift */ = {isa = PBXFileReference; lastKnownFileType = sourcecode.swift; path = AppDelegate.swift; sourceTree = "<group>"; };
		173860651FB0BAF90051C726 /* ViewController.swift */ = {isa = PBXFileReference; lastKnownFileType = sourcecode.swift; path = ViewController.swift; sourceTree = "<group>"; };
		173860681FB0BAF90051C726 /* Base */ = {isa = PBXFileReference; lastKnownFileType = file.storyboard; name = Base; path = Base.lproj/Main.storyboard; sourceTree = "<group>"; };
		1738606A1FB0BAF90051C726 /* Assets.xcassets */ = {isa = PBXFileReference; lastKnownFileType = folder.assetcatalog; path = Assets.xcassets; sourceTree = "<group>"; };
		1738606D1FB0BAF90051C726 /* Base */ = {isa = PBXFileReference; lastKnownFileType = file.storyboard; name = Base; path = Base.lproj/LaunchScreen.storyboard; sourceTree = "<group>"; };
		1738606F1FB0BAF90051C726 /* Info.plist */ = {isa = PBXFileReference; lastKnownFileType = text.plist.xml; path = Info.plist; sourceTree = "<group>"; };
/* End PBXFileReference section */

/* Begin PBXFrameworksBuildPhase section */
		1738605D1FB0BAF90051C726 /* Frameworks */ = {
			isa = PBXFrameworksBuildPhase;
			buildActionMask = 2147483647;
			files = (
			);
			runOnlyForDeploymentPostprocessing = 0;
		};
/* End PBXFrameworksBuildPhase section */

/* Begin PBXGroup section */
		173860571FB0BAF90051C726 = {
			isa = PBXGroup;
			children = (
				173860621FB0BAF90051C726 /* MSVXcodeBuildNumberToCountGitCommits-Swift */,
				173860611FB0BAF90051C726 /* Products */,
			);
			sourceTree = "<group>";
		};
		173860611FB0BAF90051C726 /* Products */ = {
			isa = PBXGroup;
			children = (
				173860601FB0BAF90051C726 /* MSVXcodeBuildNumberToCountGitCommits-Swift.app */,
			);
			name = Products;
			sourceTree = "<group>";
		};
		173860621FB0BAF90051C726 /* MSVXcodeBuildNumberToCountGitCommits-Swift */ = {
			isa = PBXGroup;
			children = (
				173860631FB0BAF90051C726 /* AppDelegate.swift */,
				173860651FB0BAF90051C726 /* ViewController.swift */,
				173860671FB0BAF90051C726 /* Main.storyboard */,
				1738606A1FB0BAF90051C726 /* Assets.xcassets */,
				1738606C1FB0BAF90051C726 /* LaunchScreen.storyboard */,
				1738606F1FB0BAF90051C726 /* Info.plist */,
			);
			path = "MSVXcodeBuildNumberToCountGitCommits-Swift";
			sourceTree = "<group>";
		};
/* End PBXGroup section */

/* Begin PBXNativeTarget section */
		1738605F1FB0BAF90051C726 /* MSVXcodeBuildNumberToCountGitCommits-Swift */ = {
			isa = PBXNativeTarget;
			buildConfigurationList = 173860721FB0BAF90051C726 /* Build configuration list for PBXNativeTarget "MSVXcodeBuildNumberToCountGitCommits-Swift" */;
			buildPhases = (
				1738605C1FB0BAF90051C726 /* Sources */,
				1738605D1FB0BAF90051C726 /* Frameworks */,
				1738605E1FB0BAF90051C726 /* Resources */,
				173860751FB0BC3F0051C726 /* Set the build number to the count of Git commits */,
			);
			buildRules = (
			);
			dependencies = (
			);
			name = "MSVXcodeBuildNumberToCountGitCommits-Swift";
			productName = "MSVXcodeBuildNumberToCountGitCommits-Swift";
			productReference = 173860601FB0BAF90051C726 /* MSVXcodeBuildNumberToCountGitCommits-Swift.app */;
			productType = "com.apple.product-type.application";
		};
/* End PBXNativeTarget section */

/* Begin PBXProject section */
		173860581FB0BAF90051C726 /* Project object */ = {
			isa = PBXProject;
			attributes = {
				LastSwiftUpdateCheck = 0910;
				LastUpgradeCheck = 0910;
				ORGANIZATIONNAME = "Serge Moskalenko";
				TargetAttributes = {
					1738605F1FB0BAF90051C726 = {
						CreatedOnToolsVersion = 9.1;
						ProvisioningStyle = Automatic;
					};
				};
			};
			buildConfigurationList = 1738605B1FB0BAF90051C726 /* Build configuration list for PBXProject "MSVXcodeBuildNumberToCountGitCommits-Swift" */;
			compatibilityVersion = "Xcode 8.0";
			developmentRegion = en;
			hasScannedForEncodings = 0;
			knownRegions = (
				en,
				Base,
			);
			mainGroup = 173860571FB0BAF90051C726;
			productRefGroup = 173860611FB0BAF90051C726 /* Products */;
			projectDirPath = "";
			projectRoot = "";
			targets = (
				1738605F1FB0BAF90051C726 /* MSVXcodeBuildNumberToCountGitCommits-Swift */,
			);
		};
/* End PBXProject section */

/* Begin PBXResourcesBuildPhase section */
		1738605E1FB0BAF90051C726 /* Resources */ = {
			isa = PBXResourcesBuildPhase;
			buildActionMask = 2147483647;
			files = (
				1738606E1FB0BAF90051C726 /* LaunchScreen.storyboard in Resources */,
				1738606B1FB0BAF90051C726 /* Assets.xcassets in Resources */,
				173860691FB0BAF90051C726 /* Main.storyboard in Resources */,
			);
			runOnlyForDeploymentPostprocessing = 0;
		};
/* End PBXResourcesBuildPhase section */

/* Begin PBXShellScriptBuildPhase section */
		173860751FB0BC3F0051C726 /* Set the build number to the count of Git commits */ = {
			isa = PBXShellScriptBuildPhase;
			buildActionMask = 2147483647;
			files = (
			);
			inputPaths = (
			);
			name = "Set the build number to the count of Git commits";
			outputPaths = (
			);
			runOnlyForDeploymentPostprocessing = 0;
			shellPath = /bin/sh;
			shellScript = "# Set the build number to the count of Git commits\n# https://github.com/sergemoskalenko/MSVXcodeBuildNumberToCountGitCommits\n\nbuildNumber=$(git rev-list --count --first-parent HEAD)\n/usr/libexec/PlistBuddy -c \"Set :CFBundleVersion $buildNumber\" \"${PROJECT_DIR}/${INFOPLIST_FILE}\"";
		};
/* End PBXShellScriptBuildPhase section */

/* Begin PBXSourcesBuildPhase section */
		1738605C1FB0BAF90051C726 /* Sources */ = {
			isa = PBXSourcesBuildPhase;
			buildActionMask = 2147483647;
			files = (
				173860661FB0BAF90051C726 /* ViewController.swift in Sources */,
				173860641FB0BAF90051C726 /* AppDelegate.swift in Sources */,
			);
			runOnlyForDeploymentPostprocessing = 0;
		};
/* End PBXSourcesBuildPhase section */

/* Begin PBXVariantGroup section */
		173860671FB0BAF90051C726 /* Main.storyboard */ = {
			isa = PBXVariantGroup;
			children = (
				173860681FB0BAF90051C726 /* Base */,
			);
			name = Main.storyboard;
			sourceTree = "<group>";
		};
		1738606C1FB0BAF90051C726 /* LaunchScreen.storyboard */ = {
			isa = PBXVariantGroup;
			children = (
				1738606D1FB0BAF90051C726 /* Base */,
			);
			name = LaunchScreen.storyboard;
			sourceTree = "<group>";
		};
/* End PBXVariantGroup section */

/* Begin XCBuildConfiguration section */
		173860701FB0BAF90051C726 /* Debug */ = {
			isa = XCBuildConfiguration;
			buildSettings = {
				ALWAYS_SEARCH_USER_PATHS = NO;
				CLANG_ANALYZER_NONNULL = YES;
				CLANG_ANALYZER_NUMBER_OBJECT_CONVERSION = YES_AGGRESSIVE;
				CLANG_CXX_LANGUAGE_STANDARD = "gnu++14";
				CLANG_CXX_LIBRARY = "libc++";
				CLANG_ENABLE_MODULES = YES;
				CLANG_ENABLE_OBJC_ARC = YES;
				CLANG_WARN_BLOCK_CAPTURE_AUTORELEASING = YES;
				CLANG_WARN_BOOL_CONVERSION = YES;
				CLANG_WARN_COMMA = YES;
				CLANG_WARN_CONSTANT_CONVERSION = YES;
				CLANG_WARN_DIRECT_OBJC_ISA_USAGE = YES_ERROR;
				CLANG_WARN_DOCUMENTATION_COMMENTS = YES;
				CLANG_WARN_EMPTY_BODY = YES;
				CLANG_WARN_ENUM_CONVERSION = YES;
				CLANG_WARN_INFINITE_RECURSION = YES;
				CLANG_WARN_INT_CONVERSION = YES;
				CLANG_WARN_NON_LITERAL_NULL_CONVERSION = YES;
				CLANG_WARN_OBJC_LITERAL_CONVERSION = YES;
				CLANG_WARN_OBJC_ROOT_CLASS = YES_ERROR;
				CLANG_WARN_RANGE_LOOP_ANALYSIS = YES;
				CLANG_WARN_STRICT_PROTOTYPES = YES;
				CLANG_WARN_SUSPICIOUS_MOVE = YES;
				CLANG_WARN_UNGUARDED_AVAILABILITY = YES_AGGRESSIVE;
				CLANG_WARN_UNREACHABLE_CODE = YES;
				CLANG_WARN__DUPLICATE_METHOD_MATCH = YES;
				CODE_SIGN_IDENTITY = "iPhone Developer";
				COPY_PHASE_STRIP = NO;
				DEBUG_INFORMATION_FORMAT = dwarf;
				ENABLE_STRICT_OBJC_MSGSEND = YES;
				ENABLE_TESTABILITY = YES;
				GCC_C_LANGUAGE_STANDARD = gnu11;
				GCC_DYNAMIC_NO_PIC = NO;
				GCC_NO_COMMON_BLOCKS = YES;
				GCC_OPTIMIZATION_LEVEL = 0;
				GCC_PREPROCESSOR_DEFINITIONS = (
					"DEBUG=1",
					"$(inherited)",
				);
				GCC_WARN_64_TO_32_BIT_CONVERSION = YES;
				GCC_WARN_ABOUT_RETURN_TYPE = YES_ERROR;
				GCC_WARN_UNDECLARED_SELECTOR = YES;
				GCC_WARN_UNINITIALIZED_AUTOS = YES_AGGRESSIVE;
				GCC_WARN_UNUSED_FUNCTION = YES;
				GCC_WARN_UNUSED_VARIABLE = YES;
				IPHONEOS_DEPLOYMENT_TARGET = 11.1;
				MTL_ENABLE_DEBUG_INFO = YES;
				ONLY_ACTIVE_ARCH = YES;
				SDKROOT = iphoneos;
				SWIFT_ACTIVE_COMPILATION_CONDITIONS = DEBUG;
				SWIFT_OPTIMIZATION_LEVEL = "-Onone";
			};
			name = Debug;
		};
		173860711FB0BAF90051C726 /* Release */ = {
			isa = XCBuildConfiguration;
			buildSettings = {
				ALWAYS_SEARCH_USER_PATHS = NO;
				CLANG_ANALYZER_NONNULL = YES;
				CLANG_ANALYZER_NUMBER_OBJECT_CONVERSION = YES_AGGRESSIVE;
				CLANG_CXX_LANGUAGE_STANDARD = "gnu++14";
				CLANG_CXX_LIBRARY = "libc++";
				CLANG_ENABLE_MODULES = YES;
				CLANG_ENABLE_OBJC_ARC = YES;
				CLANG_WARN_BLOCK_CAPTURE_AUTORELEASING = YES;
				CLANG_WARN_BOOL_CONVERSION = YES;
				CLANG_WARN_COMMA = YES;
				CLANG_WARN_CONSTANT_CONVERSION = YES;
				CLANG_WARN_DIRECT_OBJC_ISA_USAGE = YES_ERROR;
				CLANG_WARN_DOCUMENTATION_COMMENTS = YES;
				CLANG_WARN_EMPTY_BODY = YES;
				CLANG_WARN_ENUM_CONVERSION = YES;
				CLANG_WARN_INFINITE_RECURSION = YES;
				CLANG_WARN_INT_CONVERSION = YES;
				CLANG_WARN_NON_LITERAL_NULL_CONVERSION = YES;
				CLANG_WARN_OBJC_LITERAL_CONVERSION = YES;
				CLANG_WARN_OBJC_ROOT_CLASS = YES_ERROR;
				CLANG_WARN_RANGE_LOOP_ANALYSIS = YES;
				CLANG_WARN_STRICT_PROTOTYPES = YES;
				CLANG_WARN_SUSPICIOUS_MOVE = YES;
				CLANG_WARN_UNGUARDED_AVAILABILITY = YES_AGGRESSIVE;
				CLANG_WARN_UNREACHABLE_CODE = YES;
				CLANG_WARN__DUPLICATE_METHOD_MATCH = YES;
				CODE_SIGN_IDENTITY = "iPhone Developer";
				COPY_PHASE_STRIP = NO;
				DEBUG_INFORMATION_FORMAT = "dwarf-with-dsym";
				ENABLE_NS_ASSERTIONS = NO;
				ENABLE_STRICT_OBJC_MSGSEND = YES;
				GCC_C_LANGUAGE_STANDARD = gnu11;
				GCC_NO_COMMON_BLOCKS = YES;
				GCC_WARN_64_TO_32_BIT_CONVERSION = YES;
				GCC_WARN_ABOUT_RETURN_TYPE = YES_ERROR;
				GCC_WARN_UNDECLARED_SELECTOR = YES;
				GCC_WARN_UNINITIALIZED_AUTOS = YES_AGGRESSIVE;
				GCC_WARN_UNUSED_FUNCTION = YES;
				GCC_WARN_UNUSED_VARIABLE = YES;
				IPHONEOS_DEPLOYMENT_TARGET = 11.1;
				MTL_ENABLE_DEBUG_INFO = NO;
				SDKROOT = iphoneos;
				SWIFT_OPTIMIZATION_LEVEL = "-Owholemodule";
				VALIDATE_PRODUCT = YES;
			};
			name = Release;
		};
		173860731FB0BAF90051C726 /* Debug */ = {
			isa = XCBuildConfiguration;
			buildSettings = {
				ASSETCATALOG_COMPILER_APPICON_NAME = AppIcon;
				CODE_SIGN_STYLE = Automatic;
				INFOPLIST_FILE = "MSVXcodeBuildNumberToCountGitCommits-Swift/Info.plist";
				IPHONEOS_DEPLOYMENT_TARGET = 9.3;
				LD_RUNPATH_SEARCH_PATHS = "$(inherited) @executable_path/Frameworks";
				PRODUCT_BUNDLE_IDENTIFIER = "Serge.Moskalenko.MSVXcodeBuildNumberToCountGitCommits-Swift";
				PRODUCT_NAME = "$(TARGET_NAME)";
				SWIFT_VERSION = 4.0;
				TARGETED_DEVICE_FAMILY = "1,2";
			};
			name = Debug;
		};
		173860741FB0BAF90051C726 /* Release */ = {
			isa = XCBuildConfiguration;
			buildSettings = {
				ASSETCATALOG_COMPILER_APPICON_NAME = AppIcon;
				CODE_SIGN_STYLE = Automatic;
				INFOPLIST_FILE = "MSVXcodeBuildNumberToCountGitCommits-Swift/Info.plist";
				IPHONEOS_DEPLOYMENT_TARGET = 9.3;
				LD_RUNPATH_SEARCH_PATHS = "$(inherited) @executable_path/Frameworks";
				PRODUCT_BUNDLE_IDENTIFIER = "Serge.Moskalenko.MSVXcodeBuildNumberToCountGitCommits-Swift";
				PRODUCT_NAME = "$(TARGET_NAME)";
				SWIFT_VERSION = 4.0;
				TARGETED_DEVICE_FAMILY = "1,2";
			};
			name = Release;
		};
/* End XCBuildConfiguration section */

/* Begin XCConfigurationList section */
		1738605B1FB0BAF90051C726 /* Build configuration list for PBXProject "MSVXcodeBuildNumberToCountGitCommits-Swift" */ = {
			isa = XCConfigurationList;
			buildConfigurations = (
				173860701FB0BAF90051C726 /* Debug */,
				173860711FB0BAF90051C726 /* Release */,
			);
			defaultConfigurationIsVisible = 0;
			defaultConfigurationName = Release;
		};
		173860721FB0BAF90051C726 /* Build configuration list for PBXNativeTarget "MSVXcodeBuildNumberToCountGitCommits-Swift" */ = {
			isa = XCConfigurationList;
			buildConfigurations = (
				173860731FB0BAF90051C726 /* Debug */,
				173860741FB0BAF90051C726 /* Release */,
			);
			defaultConfigurationIsVisible = 0;
			defaultConfigurationName = Release;
		};
/* End XCConfigurationList section */
	};
	rootObject = 173860581FB0BAF90051C726 /* Project object */;
}
